
Microsoft Visual Studio Solution File, Format Version 12.00
# Visual Studio 14
VisualStudioVersion = 14.0.25420.1
MinimumVisualStudioVersion = 10.0.40219.1
Project("{FAE04EC0-301F-11D3-BF4B-00C04F79EFBC}") = "StoreApp.Data", "StoreApp.Data\StoreApp.Data.csproj", "{A6634EDC-9762-4ECC-81B2-36AC1769741E}"
EndProject
Project("{FAE04EC0-301F-11D3-BF4B-00C04F79EFBC}") = "StoreApp.Entity", "StoreApp.Entity\StoreApp.Entity.csproj", "{58290431-5493-4DDF-900A-B81256EDC800}"
EndProject
Project("{FAE04EC0-301F-11D3-BF4B-00C04F79EFBC}") = "StoreApp.Service", "StoreApp.Service\StoreApp.Service.csproj", "{D8F7B342-E29E-4AC3-9347-0EB361082FC9}"
EndProject
Project("{FAE04EC0-301F-11D3-BF4B-00C04F79EFBC}") = "StoreApp.WebUI", "StoreApp.WebUI\StoreApp.WebUI.csproj", "{4D8001D4-22F2-467B-8BE3-6A997C12DEA9}"
EndProject
Global
	GlobalSection(SolutionConfigurationPlatforms) = preSolution
		Debug|Any CPU = Debug|Any CPU
		Release|Any CPU = Release|Any CPU
	EndGlobalSection
	GlobalSection(ProjectConfigurationPlatforms) = postSolution
		{A6634EDC-9762-4ECC-81B2-36AC1769741E}.Debug|Any CPU.ActiveCfg = Debug|Any CPU
		{A6634EDC-9762-4ECC-81B2-36AC1769741E}.Debug|Any CPU.Build.0 = Debug|Any CPU
		{A6634EDC-9762-4ECC-81B2-36AC1769741E}.Release|Any CPU.ActiveCfg = Release|Any CPU
		{A6634EDC-9762-4ECC-81B2-36AC1769741E}.Release|Any CPU.Build.0 = Release|Any CPU
		{58290431-5493-4DDF-900A-B81256EDC800}.Debug|Any CPU.ActiveCfg = Debug|Any CPU
		{58290431-5493-4DDF-900A-B81256EDC800}.Debug|Any CPU.Build.0 = Debug|Any CPU
		{58290431-5493-4DDF-900A-B81256EDC800}.Release|Any CPU.ActiveCfg = Release|Any CPU
		{58290431-5493-4DDF-900A-B81256EDC800}.Release|Any CPU.Build.0 = Release|Any CPU
		{D8F7B342-E29E-4AC3-9347-0EB361082FC9}.Debug|Any CPU.ActiveCfg = Debug|Any CPU
		{D8F7B342-E29E-4AC3-9347-0EB361082FC9}.Debug|Any CPU.Build.0 = Debug|Any CPU
		{D8F7B342-E29E-4AC3-9347-0EB361082FC9}.Release|Any CPU.ActiveCfg = Release|Any CPU
		{D8F7B342-E29E-4AC3-9347-0EB361082FC9}.Release|Any CPU.Build.0 = Release|Any CPU
		{4D8001D4-22F2-467B-8BE3-6A997C12DEA9}.Debug|Any CPU.ActiveCfg = Debug|Any CPU
		{4D8001D4-22F2-467B-8BE3-6A997C12DEA9}.Debug|Any CPU.Build.0 = Debug|Any CPU
		{4D8001D4-22F2-467B-8BE3-6A997C12DEA9}.Release|Any CPU.ActiveCfg = Release|Any CPU
		{4D8001D4-22F2-467B-8BE3-6A997C12DEA9}.Release|Any CPU.Build.0 = Release|Any CPU
	EndGlobalSection
	GlobalSection(SolutionProperties) = preSolution
		HideSolutionNode = FALSE
	EndGlobalSection
EndGlobal
