
Microsoft Visual Studio Solution File, Format Version 12.00
# Visual Studio 14
VisualStudioVersion = 14.0.25420.1
MinimumVisualStudioVersion = 10.0.40219.1
Project("{2150E333-8FDC-42A3-9474-1A3956D46DE8}") = "Bölüm 4-StoreApp Uygulaması", "Bölüm 4-StoreApp Uygulaması", "{C310FA56-78C7-46C8-8A78-CDAFE5E8E876}"
EndProject
Project("{2150E333-8FDC-42A3-9474-1A3956D46DE8}") = "03-Proje Katmanlarının Oluşturulması", "03-Proje Katmanlarının Oluşturulması", "{E2A5DF09-6924-4EBD-8E9D-34C6C4134B43}"
EndProject
Project("{FAE04EC0-301F-11D3-BF4B-00C04F79EFBC}") = "StoreApp.Data", "StoreApp\03\StoreApp\StoreApp.Data\StoreApp.Data.csproj", "{06563A50-D881-4323-924E-D15F882A944E}"
EndProject
Project("{FAE04EC0-301F-11D3-BF4B-00C04F79EFBC}") = "StoreApp.Service", "StoreApp\03\StoreApp\StoreApp.Service\StoreApp.Service.csproj", "{83EB5FB0-8CC2-40D2-860F-55BC49B4904B}"
EndProject
Project("{FAE04EC0-301F-11D3-BF4B-00C04F79EFBC}") = "StoreApp.WebUI", "StoreApp\03\StoreApp\StoreApp.WebUI\StoreApp.WebUI.csproj", "{AAF5972B-A5AE-4465-9B07-4AD4C1C643AD}"
EndProject
Project("{FAE04EC0-301F-11D3-BF4B-00C04F79EFBC}") = "StoreApp.Entity", "StoreApp\03\StoreApp\StoreApp.Entity\StoreApp.Entity.csproj", "{33587256-8E27-45D8-834C-3DB3D4E0D0B2}"
EndProject
Project("{2150E333-8FDC-42A3-9474-1A3956D46DE8}") = "04-Entity Sınıfları", "04-Entity Sınıfları", "{B960A86D-4A0B-45FF-A08F-BDD0A67F72B0}"
EndProject
Project("{FAE04EC0-301F-11D3-BF4B-00C04F79EFBC}") = "StoreApp.Data", "D:\Videolar\Udemy\Asp.Net Web Api  Single Page Application\Bölüm 4-Store App\4-Entity Sınıfları\StoreApp\StoreApp.Data\StoreApp.Data.csproj", "{AC7B4BB0-1D15-4FA7-8EAD-83D613EB1FD0}"
EndProject
Project("{FAE04EC0-301F-11D3-BF4B-00C04F79EFBC}") = "StoreApp.Service", "D:\Videolar\Udemy\Asp.Net Web Api  Single Page Application\Bölüm 4-Store App\4-Entity Sınıfları\StoreApp\StoreApp.Service\StoreApp.Service.csproj", "{84741959-F7E2-41DA-9DE8-13B67AB27219}"
EndProject
Project("{FAE04EC0-301F-11D3-BF4B-00C04F79EFBC}") = "StoreApp.WebUI", "D:\Videolar\Udemy\Asp.Net Web Api  Single Page Application\Bölüm 4-Store App\4-Entity Sınıfları\StoreApp\StoreApp.WebUI\StoreApp.WebUI.csproj", "{CDA98597-102A-4AC4-A5F1-C62E0B322457}"
EndProject
Project("{FAE04EC0-301F-11D3-BF4B-00C04F79EFBC}") = "StoreApp.Entity", "D:\Videolar\Udemy\Asp.Net Web Api  Single Page Application\Bölüm 4-Store App\4-Entity Sınıfları\StoreApp\StoreApp.Entity\StoreApp.Entity.csproj", "{8E9B71A7-EAAD-49FF-B3A6-C474F69BD3D1}"
EndProject
Project("{2150E333-8FDC-42A3-9474-1A3956D46DE8}") = "05-Abstract Repository", "05-Abstract Repository", "{617BE6AA-2D82-4A85-8FF7-61F1074FC521}"
EndProject
Project("{FAE04EC0-301F-11D3-BF4B-00C04F79EFBC}") = "StoreApp.Data", "D:\Videolar\Udemy\Asp.Net Web Api  Single Page Application\Bölüm 4-Store App\5-Abstract Repository\StoreApp\StoreApp.Data\StoreApp.Data.csproj", "{EC1D3CA7-6A77-4A4F-8FD8-6514B4242446}"
EndProject
Project("{FAE04EC0-301F-11D3-BF4B-00C04F79EFBC}") = "StoreApp.Service", "D:\Videolar\Udemy\Asp.Net Web Api  Single Page Application\Bölüm 4-Store App\5-Abstract Repository\StoreApp\StoreApp.Service\StoreApp.Service.csproj", "{56003440-87BF-486A-A2A1-09E4186B093D}"
EndProject
Project("{FAE04EC0-301F-11D3-BF4B-00C04F79EFBC}") = "StoreApp.WebUI", "D:\Videolar\Udemy\Asp.Net Web Api  Single Page Application\Bölüm 4-Store App\5-Abstract Repository\StoreApp\StoreApp.WebUI\StoreApp.WebUI.csproj", "{1DD4803F-1EE2-46D3-869D-33E1F6AE71D5}"
EndProject
Project("{FAE04EC0-301F-11D3-BF4B-00C04F79EFBC}") = "StoreApp.Entity", "D:\Videolar\Udemy\Asp.Net Web Api  Single Page Application\Bölüm 4-Store App\5-Abstract Repository\StoreApp\StoreApp.Entity\StoreApp.Entity.csproj", "{B78C903A-E447-4653-8687-0F465305510C}"
EndProject
Project("{2150E333-8FDC-42A3-9474-1A3956D46DE8}") = "06-Entity Framework", "06-Entity Framework", "{2A9F3E7C-E15D-4AA3-853A-AD81C4F7F816}"
EndProject
Project("{FAE04EC0-301F-11D3-BF4B-00C04F79EFBC}") = "StoreApp.Data", "StoreApp\06\StoreApp\StoreApp.Data\StoreApp.Data.csproj", "{CDAEB650-894D-4D85-A76D-7B8982E5AA00}"
EndProject
Project("{FAE04EC0-301F-11D3-BF4B-00C04F79EFBC}") = "StoreApp.Service", "StoreApp\06\StoreApp\StoreApp.Service\StoreApp.Service.csproj", "{14492BE4-DC3F-4513-A661-D7A1A9501115}"
EndProject
Project("{FAE04EC0-301F-11D3-BF4B-00C04F79EFBC}") = "StoreApp.WebUI", "StoreApp\06\StoreApp\StoreApp.WebUI\StoreApp.WebUI.csproj", "{A26CE09A-8603-4BEC-9F2A-C6E355D6A739}"
EndProject
Project("{FAE04EC0-301F-11D3-BF4B-00C04F79EFBC}") = "StoreApp.Entity", "StoreApp\06\StoreApp\StoreApp.Entity\StoreApp.Entity.csproj", "{7F3305EF-874E-4149-BD6D-AC16D06A4632}"
EndProject
Project("{2150E333-8FDC-42A3-9474-1A3956D46DE8}") = "07-Implement Repository", "07-Implement Repository", "{C28CFF31-EAED-43D6-9E3A-BBFAF02A573F}"
EndProject
Project("{FAE04EC0-301F-11D3-BF4B-00C04F79EFBC}") = "StoreApp.Data", "D:\Videolar\Udemy\Asp.Net Web Api  Single Page Application\Bölüm 4-Store App\7-Implement Repository\StoreApp\StoreApp.Data\StoreApp.Data.csproj", "{EF0239CF-A179-4504-B129-8A8818C3DF31}"
EndProject
Project("{FAE04EC0-301F-11D3-BF4B-00C04F79EFBC}") = "StoreApp.Service", "D:\Videolar\Udemy\Asp.Net Web Api  Single Page Application\Bölüm 4-Store App\7-Implement Repository\StoreApp\StoreApp.Service\StoreApp.Service.csproj", "{353C1729-1115-494E-88C1-771CD1BABCC1}"
EndProject
Project("{FAE04EC0-301F-11D3-BF4B-00C04F79EFBC}") = "StoreApp.WebUI", "D:\Videolar\Udemy\Asp.Net Web Api  Single Page Application\Bölüm 4-Store App\7-Implement Repository\StoreApp\StoreApp.WebUI\StoreApp.WebUI.csproj", "{808B0CB3-2CE7-44A3-A05E-D7019905F8E3}"
EndProject
Project("{FAE04EC0-301F-11D3-BF4B-00C04F79EFBC}") = "StoreApp.Entity", "D:\Videolar\Udemy\Asp.Net Web Api  Single Page Application\Bölüm 4-Store App\7-Implement Repository\StoreApp\StoreApp.Entity\StoreApp.Entity.csproj", "{B7836A7E-03CB-4245-B591-E3BBBD7023C5}"
EndProject
Project("{2150E333-8FDC-42A3-9474-1A3956D46DE8}") = "08-Data Initializer", "08-Data Initializer", "{1EABC65F-6FCD-4D44-A6A2-26779ADD037F}"
	ProjectSection(SolutionItems) = preProject
		StoreApp\08\StoreApp\StoreApp.sln = StoreApp\08\StoreApp\StoreApp.sln
	EndProjectSection
EndProject
Project("{FAE04EC0-301F-11D3-BF4B-00C04F79EFBC}") = "StoreApp.Data", "StoreApp\08\StoreApp\StoreApp.Data\StoreApp.Data.csproj", "{6109E1B4-3CB0-4164-B31C-C29B61246098}"
EndProject
Project("{FAE04EC0-301F-11D3-BF4B-00C04F79EFBC}") = "StoreApp.Service", "StoreApp\08\StoreApp\StoreApp.Service\StoreApp.Service.csproj", "{0DD7D624-85E8-49A0-B1B1-9403D6564F4B}"
EndProject
Project("{FAE04EC0-301F-11D3-BF4B-00C04F79EFBC}") = "StoreApp.WebUI", "StoreApp\08\StoreApp\StoreApp.WebUI\StoreApp.WebUI.csproj", "{8773C41C-4262-490F-920D-769AFBC3A795}"
EndProject
Project("{FAE04EC0-301F-11D3-BF4B-00C04F79EFBC}") = "StoreApp.Entity", "StoreApp\08\StoreApp\StoreApp.Entity\StoreApp.Entity.csproj", "{156C1F55-BC25-4914-BDE6-D12FB00EA278}"
EndProject
Project("{2150E333-8FDC-42A3-9474-1A3956D46DE8}") = "09-Testing Repository", "09-Testing Repository", "{B48FA6DF-CCAA-4C45-B530-D3A1DD163E9D}"
EndProject
Project("{FAE04EC0-301F-11D3-BF4B-00C04F79EFBC}") = "StoreApp.Data", "StoreApp\09\StoreApp\StoreApp.Data\StoreApp.Data.csproj", "{08633438-80AF-4668-A66C-37A781031E11}"
EndProject
Project("{FAE04EC0-301F-11D3-BF4B-00C04F79EFBC}") = "StoreApp.Entity", "StoreApp\09\StoreApp\StoreApp.Entity\StoreApp.Entity.csproj", "{79F27A80-CEA1-48EA-B16E-D2D9C3DE4342}"
EndProject
Project("{FAE04EC0-301F-11D3-BF4B-00C04F79EFBC}") = "StoreApp.Service", "StoreApp\09\StoreApp\StoreApp.Service\StoreApp.Service.csproj", "{B05E56A0-4BEA-4E83-A970-D04F4B9048F6}"
EndProject
Project("{FAE04EC0-301F-11D3-BF4B-00C04F79EFBC}") = "StoreApp.WebUI", "StoreApp\09\StoreApp\StoreApp.WebUI\StoreApp.WebUI.csproj", "{0CEEB0B5-C598-436F-9F13-5C8DF5B78A3C}"
EndProject
Project("{2150E333-8FDC-42A3-9474-1A3956D46DE8}") = "10-ApiController", "10-ApiController", "{C206EC20-47F4-47D9-8921-A47EF77E3907}"
EndProject
Project("{FAE04EC0-301F-11D3-BF4B-00C04F79EFBC}") = "StoreApp.Data", "StoreApp\10\StoreApp\StoreApp.Data\StoreApp.Data.csproj", "{A9CF0F2A-26B6-4290-81EF-43530BD47CEC}"
EndProject
Project("{FAE04EC0-301F-11D3-BF4B-00C04F79EFBC}") = "StoreApp.Entity", "StoreApp\10\StoreApp\StoreApp.Entity\StoreApp.Entity.csproj", "{E5BC3744-3B9B-4D79-8C83-9D9B85F33751}"
EndProject
Project("{FAE04EC0-301F-11D3-BF4B-00C04F79EFBC}") = "StoreApp.Service", "StoreApp\10\StoreApp\StoreApp.Service\StoreApp.Service.csproj", "{9C82A51D-080C-4645-B521-8DAA997E1901}"
EndProject
Project("{FAE04EC0-301F-11D3-BF4B-00C04F79EFBC}") = "StoreApp.WebUI", "StoreApp\10\StoreApp\StoreApp.WebUI\StoreApp.WebUI.csproj", "{92C0F2D7-32C0-4AD3-B298-09668378B0CF}"
EndProject
Project("{2150E333-8FDC-42A3-9474-1A3956D46DE8}") = "11-Routing", "11-Routing", "{5D177D7F-18CB-4BEE-AE45-63981D96EBE4}"
EndProject
Project("{FAE04EC0-301F-11D3-BF4B-00C04F79EFBC}") = "StoreApp.Data", "StoreApp\11\StoreApp\StoreApp.Data\StoreApp.Data.csproj", "{2C139C9F-0136-405D-A2BE-B8F96B5F7E6B}"
EndProject
Project("{FAE04EC0-301F-11D3-BF4B-00C04F79EFBC}") = "StoreApp.Entity", "StoreApp\11\StoreApp\StoreApp.Entity\StoreApp.Entity.csproj", "{C4C6C9EC-4559-428E-931F-EF7C214CCE90}"
EndProject
Project("{FAE04EC0-301F-11D3-BF4B-00C04F79EFBC}") = "StoreApp.Service", "StoreApp\11\StoreApp\StoreApp.Service\StoreApp.Service.csproj", "{F9E8F7CB-49DA-4053-807A-B05811D8D1CF}"
EndProject
Project("{FAE04EC0-301F-11D3-BF4B-00C04F79EFBC}") = "StoreApp.WebUI", "StoreApp\11\StoreApp\StoreApp.WebUI\StoreApp.WebUI.csproj", "{1F00392F-67E0-4124-A5DA-895F4D6E7828}"
EndProject
Project("{2150E333-8FDC-42A3-9474-1A3956D46DE8}") = "Bölüm 1-Birthday Uygulaması", "Bölüm 1-Birthday Uygulaması", "{7751A328-28D8-4F71-8C60-26F35A274140}"
EndProject
Project("{2150E333-8FDC-42A3-9474-1A3956D46DE8}") = "04-Postman ile WebApi Testi", "04-Postman ile WebApi Testi", "{E92B327A-B5A9-4B08-AD69-75EBA00FCB60}"
EndProject
Project("{FAE04EC0-301F-11D3-BF4B-00C04F79EFBC}") = "BirthdayApp", "BirthdayApp\04\BirthdayApp\BirthdayApp\BirthdayApp.csproj", "{59290F34-4D82-4D60-B435-4BAB02DD287D}"
EndProject
Project("{2150E333-8FDC-42A3-9474-1A3956D46DE8}") = "05-Jquery ile Kayıt Ekleme", "05-Jquery ile Kayıt Ekleme", "{AEA72DDE-6DC0-4980-B34A-07945D2A5568}"
EndProject
Project("{FAE04EC0-301F-11D3-BF4B-00C04F79EFBC}") = "BirthdayApp", "BirthdayApp\05\BirthdayApp\BirthdayApp\BirthdayApp.csproj", "{CBC5FA63-D7AA-4E05-9DBC-181FCA5D9BAB}"
EndProject
Project("{FAE04EC0-301F-11D3-BF4B-00C04F79EFBC}") = "JQueryApp", "BirthdayApp\05\BirthdayApp\JQueryApp\JQueryApp.csproj", "{E402F896-E839-4DD8-A7B4-3A4C89DC0180}"
EndProject
Project("{2150E333-8FDC-42A3-9474-1A3956D46DE8}") = "06-Jquery ile Kayıt Sorgulama", "06-Jquery ile Kayıt Sorgulama", "{69F7463C-09AF-440A-9419-A558873E4B0F}"
EndProject
Project("{FAE04EC0-301F-11D3-BF4B-00C04F79EFBC}") = "BirthdayApp", "BirthdayApp\06\BirthdayApp\BirthdayApp\BirthdayApp.csproj", "{55735B0B-929D-4807-B6ED-88F9A37EBF86}"
EndProject
Project("{FAE04EC0-301F-11D3-BF4B-00C04F79EFBC}") = "JQueryApp", "BirthdayApp\06\BirthdayApp\JQueryApp\JQueryApp.csproj", "{AB3844E4-946C-411F-AD4D-784426220250}"
EndProject
Project("{2150E333-8FDC-42A3-9474-1A3956D46DE8}") = "10-KnockoutJS Metotları", "10-KnockoutJS Metotları", "{ABC557CA-0B48-43D6-A4E6-5C702150D1EB}"
EndProject
Project("{FAE04EC0-301F-11D3-BF4B-00C04F79EFBC}") = "BirthdayApp", "BirthdayApp\10\BirthdayApp\BirthdayApp\BirthdayApp.csproj", "{D658DF0D-ACD5-456B-B4CC-D9912DD23A26}"
EndProject
Project("{FAE04EC0-301F-11D3-BF4B-00C04F79EFBC}") = "JQueryApp", "BirthdayApp\10\BirthdayApp\JQueryApp\JQueryApp.csproj", "{7186DDD8-A472-4ABC-9561-208F119E4F77}"
EndProject
Project("{2150E333-8FDC-42A3-9474-1A3956D46DE8}") = "12-Knockoutjs Model View Bağlantısı", "12-Knockoutjs Model View Bağlantısı", "{5E643A0D-FF97-48A3-AF53-FFBB5EF9AB95}"
EndProject
Project("{FAE04EC0-301F-11D3-BF4B-00C04F79EFBC}") = "BirthdayApp", "BirthdayApp\12\BirthdayApp\BirthdayApp\BirthdayApp.csproj", "{D57E1A57-E9C7-4B66-B643-B85D8F456B8F}"
EndProject
Project("{FAE04EC0-301F-11D3-BF4B-00C04F79EFBC}") = "JQueryApp", "BirthdayApp\12\BirthdayApp\JQueryApp\JQueryApp.csproj", "{CC881FCA-D2F2-41EC-A133-96AE3793F95F}"
EndProject
Project("{2150E333-8FDC-42A3-9474-1A3956D46DE8}") = "Bölüm 2-KnockoutJs", "Bölüm 2-KnockoutJs", "{BA2A90ED-B4C4-4C25-A0BB-E2EFE6D62A4F}"
EndProject
Project("{2150E333-8FDC-42A3-9474-1A3956D46DE8}") = "02-ViewModel", "02-ViewModel", "{8097DECB-4BE0-4F80-ABC0-0B0537831DA6}"
EndProject
Project("{FAE04EC0-301F-11D3-BF4B-00C04F79EFBC}") = "KnockoutJSExamples", "KnockoutJs\02\KnockoutJSExamples\KnockoutJSExamples\KnockoutJSExamples.csproj", "{D888B043-DC23-432C-B3CD-C59F2E56537B}"
EndProject
Global
	GlobalSection(SolutionConfigurationPlatforms) = preSolution
		Debug|Any CPU = Debug|Any CPU
		Release|Any CPU = Release|Any CPU
	EndGlobalSection
	GlobalSection(ProjectConfigurationPlatforms) = postSolution
		{06563A50-D881-4323-924E-D15F882A944E}.Debug|Any CPU.ActiveCfg = Debug|Any CPU
		{06563A50-D881-4323-924E-D15F882A944E}.Debug|Any CPU.Build.0 = Debug|Any CPU
		{06563A50-D881-4323-924E-D15F882A944E}.Release|Any CPU.ActiveCfg = Release|Any CPU
		{06563A50-D881-4323-924E-D15F882A944E}.Release|Any CPU.Build.0 = Release|Any CPU
		{83EB5FB0-8CC2-40D2-860F-55BC49B4904B}.Debug|Any CPU.ActiveCfg = Debug|Any CPU
		{83EB5FB0-8CC2-40D2-860F-55BC49B4904B}.Debug|Any CPU.Build.0 = Debug|Any CPU
		{83EB5FB0-8CC2-40D2-860F-55BC49B4904B}.Release|Any CPU.ActiveCfg = Release|Any CPU
		{83EB5FB0-8CC2-40D2-860F-55BC49B4904B}.Release|Any CPU.Build.0 = Release|Any CPU
		{AAF5972B-A5AE-4465-9B07-4AD4C1C643AD}.Debug|Any CPU.ActiveCfg = Debug|Any CPU
		{AAF5972B-A5AE-4465-9B07-4AD4C1C643AD}.Debug|Any CPU.Build.0 = Debug|Any CPU
		{AAF5972B-A5AE-4465-9B07-4AD4C1C643AD}.Release|Any CPU.ActiveCfg = Release|Any CPU
		{AAF5972B-A5AE-4465-9B07-4AD4C1C643AD}.Release|Any CPU.Build.0 = Release|Any CPU
		{33587256-8E27-45D8-834C-3DB3D4E0D0B2}.Debug|Any CPU.ActiveCfg = Debug|Any CPU
		{33587256-8E27-45D8-834C-3DB3D4E0D0B2}.Debug|Any CPU.Build.0 = Debug|Any CPU
		{33587256-8E27-45D8-834C-3DB3D4E0D0B2}.Release|Any CPU.ActiveCfg = Release|Any CPU
		{33587256-8E27-45D8-834C-3DB3D4E0D0B2}.Release|Any CPU.Build.0 = Release|Any CPU
		{AC7B4BB0-1D15-4FA7-8EAD-83D613EB1FD0}.Debug|Any CPU.ActiveCfg = Debug|Any CPU
		{AC7B4BB0-1D15-4FA7-8EAD-83D613EB1FD0}.Debug|Any CPU.Build.0 = Debug|Any CPU
		{AC7B4BB0-1D15-4FA7-8EAD-83D613EB1FD0}.Release|Any CPU.ActiveCfg = Release|Any CPU
		{AC7B4BB0-1D15-4FA7-8EAD-83D613EB1FD0}.Release|Any CPU.Build.0 = Release|Any CPU
		{84741959-F7E2-41DA-9DE8-13B67AB27219}.Debug|Any CPU.ActiveCfg = Debug|Any CPU
		{84741959-F7E2-41DA-9DE8-13B67AB27219}.Debug|Any CPU.Build.0 = Debug|Any CPU
		{84741959-F7E2-41DA-9DE8-13B67AB27219}.Release|Any CPU.ActiveCfg = Release|Any CPU
		{84741959-F7E2-41DA-9DE8-13B67AB27219}.Release|Any CPU.Build.0 = Release|Any CPU
		{CDA98597-102A-4AC4-A5F1-C62E0B322457}.Debug|Any CPU.ActiveCfg = Debug|Any CPU
		{CDA98597-102A-4AC4-A5F1-C62E0B322457}.Debug|Any CPU.Build.0 = Debug|Any CPU
		{CDA98597-102A-4AC4-A5F1-C62E0B322457}.Release|Any CPU.ActiveCfg = Release|Any CPU
		{CDA98597-102A-4AC4-A5F1-C62E0B322457}.Release|Any CPU.Build.0 = Release|Any CPU
		{8E9B71A7-EAAD-49FF-B3A6-C474F69BD3D1}.Debug|Any CPU.ActiveCfg = Debug|Any CPU
		{8E9B71A7-EAAD-49FF-B3A6-C474F69BD3D1}.Debug|Any CPU.Build.0 = Debug|Any CPU
		{8E9B71A7-EAAD-49FF-B3A6-C474F69BD3D1}.Release|Any CPU.ActiveCfg = Release|Any CPU
		{8E9B71A7-EAAD-49FF-B3A6-C474F69BD3D1}.Release|Any CPU.Build.0 = Release|Any CPU
		{EC1D3CA7-6A77-4A4F-8FD8-6514B4242446}.Debug|Any CPU.ActiveCfg = Debug|Any CPU
		{EC1D3CA7-6A77-4A4F-8FD8-6514B4242446}.Debug|Any CPU.Build.0 = Debug|Any CPU
		{EC1D3CA7-6A77-4A4F-8FD8-6514B4242446}.Release|Any CPU.ActiveCfg = Release|Any CPU
		{EC1D3CA7-6A77-4A4F-8FD8-6514B4242446}.Release|Any CPU.Build.0 = Release|Any CPU
		{56003440-87BF-486A-A2A1-09E4186B093D}.Debug|Any CPU.ActiveCfg = Debug|Any CPU
		{56003440-87BF-486A-A2A1-09E4186B093D}.Debug|Any CPU.Build.0 = Debug|Any CPU
		{56003440-87BF-486A-A2A1-09E4186B093D}.Release|Any CPU.ActiveCfg = Release|Any CPU
		{56003440-87BF-486A-A2A1-09E4186B093D}.Release|Any CPU.Build.0 = Release|Any CPU
		{1DD4803F-1EE2-46D3-869D-33E1F6AE71D5}.Debug|Any CPU.ActiveCfg = Debug|Any CPU
		{1DD4803F-1EE2-46D3-869D-33E1F6AE71D5}.Debug|Any CPU.Build.0 = Debug|Any CPU
		{1DD4803F-1EE2-46D3-869D-33E1F6AE71D5}.Release|Any CPU.ActiveCfg = Release|Any CPU
		{1DD4803F-1EE2-46D3-869D-33E1F6AE71D5}.Release|Any CPU.Build.0 = Release|Any CPU
		{B78C903A-E447-4653-8687-0F465305510C}.Debug|Any CPU.ActiveCfg = Debug|Any CPU
		{B78C903A-E447-4653-8687-0F465305510C}.Debug|Any CPU.Build.0 = Debug|Any CPU
		{B78C903A-E447-4653-8687-0F465305510C}.Release|Any CPU.ActiveCfg = Release|Any CPU
		{B78C903A-E447-4653-8687-0F465305510C}.Release|Any CPU.Build.0 = Release|Any CPU
		{CDAEB650-894D-4D85-A76D-7B8982E5AA00}.Debug|Any CPU.ActiveCfg = Debug|Any CPU
		{CDAEB650-894D-4D85-A76D-7B8982E5AA00}.Debug|Any CPU.Build.0 = Debug|Any CPU
		{CDAEB650-894D-4D85-A76D-7B8982E5AA00}.Release|Any CPU.ActiveCfg = Release|Any CPU
		{CDAEB650-894D-4D85-A76D-7B8982E5AA00}.Release|Any CPU.Build.0 = Release|Any CPU
		{14492BE4-DC3F-4513-A661-D7A1A9501115}.Debug|Any CPU.ActiveCfg = Debug|Any CPU
		{14492BE4-DC3F-4513-A661-D7A1A9501115}.Debug|Any CPU.Build.0 = Debug|Any CPU
		{14492BE4-DC3F-4513-A661-D7A1A9501115}.Release|Any CPU.ActiveCfg = Release|Any CPU
		{14492BE4-DC3F-4513-A661-D7A1A9501115}.Release|Any CPU.Build.0 = Release|Any CPU
		{A26CE09A-8603-4BEC-9F2A-C6E355D6A739}.Debug|Any CPU.ActiveCfg = Debug|Any CPU
		{A26CE09A-8603-4BEC-9F2A-C6E355D6A739}.Debug|Any CPU.Build.0 = Debug|Any CPU
		{A26CE09A-8603-4BEC-9F2A-C6E355D6A739}.Release|Any CPU.ActiveCfg = Release|Any CPU
		{A26CE09A-8603-4BEC-9F2A-C6E355D6A739}.Release|Any CPU.Build.0 = Release|Any CPU
		{7F3305EF-874E-4149-BD6D-AC16D06A4632}.Debug|Any CPU.ActiveCfg = Debug|Any CPU
		{7F3305EF-874E-4149-BD6D-AC16D06A4632}.Debug|Any CPU.Build.0 = Debug|Any CPU
		{7F3305EF-874E-4149-BD6D-AC16D06A4632}.Release|Any CPU.ActiveCfg = Release|Any CPU
		{7F3305EF-874E-4149-BD6D-AC16D06A4632}.Release|Any CPU.Build.0 = Release|Any CPU
		{EF0239CF-A179-4504-B129-8A8818C3DF31}.Debug|Any CPU.ActiveCfg = Debug|Any CPU
		{EF0239CF-A179-4504-B129-8A8818C3DF31}.Debug|Any CPU.Build.0 = Debug|Any CPU
		{EF0239CF-A179-4504-B129-8A8818C3DF31}.Release|Any CPU.ActiveCfg = Release|Any CPU
		{EF0239CF-A179-4504-B129-8A8818C3DF31}.Release|Any CPU.Build.0 = Release|Any CPU
		{353C1729-1115-494E-88C1-771CD1BABCC1}.Debug|Any CPU.ActiveCfg = Debug|Any CPU
		{353C1729-1115-494E-88C1-771CD1BABCC1}.Debug|Any CPU.Build.0 = Debug|Any CPU
		{353C1729-1115-494E-88C1-771CD1BABCC1}.Release|Any CPU.ActiveCfg = Release|Any CPU
		{353C1729-1115-494E-88C1-771CD1BABCC1}.Release|Any CPU.Build.0 = Release|Any CPU
		{808B0CB3-2CE7-44A3-A05E-D7019905F8E3}.Debug|Any CPU.ActiveCfg = Debug|Any CPU
		{808B0CB3-2CE7-44A3-A05E-D7019905F8E3}.Debug|Any CPU.Build.0 = Debug|Any CPU
		{808B0CB3-2CE7-44A3-A05E-D7019905F8E3}.Release|Any CPU.ActiveCfg = Release|Any CPU
		{808B0CB3-2CE7-44A3-A05E-D7019905F8E3}.Release|Any CPU.Build.0 = Release|Any CPU
		{B7836A7E-03CB-4245-B591-E3BBBD7023C5}.Debug|Any CPU.ActiveCfg = Debug|Any CPU
		{B7836A7E-03CB-4245-B591-E3BBBD7023C5}.Debug|Any CPU.Build.0 = Debug|Any CPU
		{B7836A7E-03CB-4245-B591-E3BBBD7023C5}.Release|Any CPU.ActiveCfg = Release|Any CPU
		{B7836A7E-03CB-4245-B591-E3BBBD7023C5}.Release|Any CPU.Build.0 = Release|Any CPU
		{6109E1B4-3CB0-4164-B31C-C29B61246098}.Debug|Any CPU.ActiveCfg = Debug|Any CPU
		{6109E1B4-3CB0-4164-B31C-C29B61246098}.Debug|Any CPU.Build.0 = Debug|Any CPU
		{6109E1B4-3CB0-4164-B31C-C29B61246098}.Release|Any CPU.ActiveCfg = Release|Any CPU
		{6109E1B4-3CB0-4164-B31C-C29B61246098}.Release|Any CPU.Build.0 = Release|Any CPU
		{0DD7D624-85E8-49A0-B1B1-9403D6564F4B}.Debug|Any CPU.ActiveCfg = Debug|Any CPU
		{0DD7D624-85E8-49A0-B1B1-9403D6564F4B}.Debug|Any CPU.Build.0 = Debug|Any CPU
		{0DD7D624-85E8-49A0-B1B1-9403D6564F4B}.Release|Any CPU.ActiveCfg = Release|Any CPU
		{0DD7D624-85E8-49A0-B1B1-9403D6564F4B}.Release|Any CPU.Build.0 = Release|Any CPU
		{8773C41C-4262-490F-920D-769AFBC3A795}.Debug|Any CPU.ActiveCfg = Debug|Any CPU
		{8773C41C-4262-490F-920D-769AFBC3A795}.Debug|Any CPU.Build.0 = Debug|Any CPU
		{8773C41C-4262-490F-920D-769AFBC3A795}.Release|Any CPU.ActiveCfg = Release|Any CPU
		{8773C41C-4262-490F-920D-769AFBC3A795}.Release|Any CPU.Build.0 = Release|Any CPU
		{156C1F55-BC25-4914-BDE6-D12FB00EA278}.Debug|Any CPU.ActiveCfg = Debug|Any CPU
		{156C1F55-BC25-4914-BDE6-D12FB00EA278}.Debug|Any CPU.Build.0 = Debug|Any CPU
		{156C1F55-BC25-4914-BDE6-D12FB00EA278}.Release|Any CPU.ActiveCfg = Release|Any CPU
		{156C1F55-BC25-4914-BDE6-D12FB00EA278}.Release|Any CPU.Build.0 = Release|Any CPU
		{08633438-80AF-4668-A66C-37A781031E11}.Debug|Any CPU.ActiveCfg = Debug|Any CPU
		{08633438-80AF-4668-A66C-37A781031E11}.Debug|Any CPU.Build.0 = Debug|Any CPU
		{08633438-80AF-4668-A66C-37A781031E11}.Release|Any CPU.ActiveCfg = Release|Any CPU
		{08633438-80AF-4668-A66C-37A781031E11}.Release|Any CPU.Build.0 = Release|Any CPU
		{79F27A80-CEA1-48EA-B16E-D2D9C3DE4342}.Debug|Any CPU.ActiveCfg = Debug|Any CPU
		{79F27A80-CEA1-48EA-B16E-D2D9C3DE4342}.Debug|Any CPU.Build.0 = Debug|Any CPU
		{79F27A80-CEA1-48EA-B16E-D2D9C3DE4342}.Release|Any CPU.ActiveCfg = Release|Any CPU
		{79F27A80-CEA1-48EA-B16E-D2D9C3DE4342}.Release|Any CPU.Build.0 = Release|Any CPU
		{B05E56A0-4BEA-4E83-A970-D04F4B9048F6}.Debug|Any CPU.ActiveCfg = Debug|Any CPU
		{B05E56A0-4BEA-4E83-A970-D04F4B9048F6}.Debug|Any CPU.Build.0 = Debug|Any CPU
		{B05E56A0-4BEA-4E83-A970-D04F4B9048F6}.Release|Any CPU.ActiveCfg = Release|Any CPU
		{B05E56A0-4BEA-4E83-A970-D04F4B9048F6}.Release|Any CPU.Build.0 = Release|Any CPU
		{0CEEB0B5-C598-436F-9F13-5C8DF5B78A3C}.Debug|Any CPU.ActiveCfg = Debug|Any CPU
		{0CEEB0B5-C598-436F-9F13-5C8DF5B78A3C}.Debug|Any CPU.Build.0 = Debug|Any CPU
		{0CEEB0B5-C598-436F-9F13-5C8DF5B78A3C}.Release|Any CPU.ActiveCfg = Release|Any CPU
		{0CEEB0B5-C598-436F-9F13-5C8DF5B78A3C}.Release|Any CPU.Build.0 = Release|Any CPU
		{A9CF0F2A-26B6-4290-81EF-43530BD47CEC}.Debug|Any CPU.ActiveCfg = Debug|Any CPU
		{A9CF0F2A-26B6-4290-81EF-43530BD47CEC}.Debug|Any CPU.Build.0 = Debug|Any CPU
		{A9CF0F2A-26B6-4290-81EF-43530BD47CEC}.Release|Any CPU.ActiveCfg = Release|Any CPU
		{A9CF0F2A-26B6-4290-81EF-43530BD47CEC}.Release|Any CPU.Build.0 = Release|Any CPU
		{E5BC3744-3B9B-4D79-8C83-9D9B85F33751}.Debug|Any CPU.ActiveCfg = Debug|Any CPU
		{E5BC3744-3B9B-4D79-8C83-9D9B85F33751}.Debug|Any CPU.Build.0 = Debug|Any CPU
		{E5BC3744-3B9B-4D79-8C83-9D9B85F33751}.Release|Any CPU.ActiveCfg = Release|Any CPU
		{E5BC3744-3B9B-4D79-8C83-9D9B85F33751}.Release|Any CPU.Build.0 = Release|Any CPU
		{9C82A51D-080C-4645-B521-8DAA997E1901}.Debug|Any CPU.ActiveCfg = Debug|Any CPU
		{9C82A51D-080C-4645-B521-8DAA997E1901}.Debug|Any CPU.Build.0 = Debug|Any CPU
		{9C82A51D-080C-4645-B521-8DAA997E1901}.Release|Any CPU.ActiveCfg = Release|Any CPU
		{9C82A51D-080C-4645-B521-8DAA997E1901}.Release|Any CPU.Build.0 = Release|Any CPU
		{92C0F2D7-32C0-4AD3-B298-09668378B0CF}.Debug|Any CPU.ActiveCfg = Debug|Any CPU
		{92C0F2D7-32C0-4AD3-B298-09668378B0CF}.Debug|Any CPU.Build.0 = Debug|Any CPU
		{92C0F2D7-32C0-4AD3-B298-09668378B0CF}.Release|Any CPU.ActiveCfg = Release|Any CPU
		{92C0F2D7-32C0-4AD3-B298-09668378B0CF}.Release|Any CPU.Build.0 = Release|Any CPU
		{2C139C9F-0136-405D-A2BE-B8F96B5F7E6B}.Debug|Any CPU.ActiveCfg = Debug|Any CPU
		{2C139C9F-0136-405D-A2BE-B8F96B5F7E6B}.Debug|Any CPU.Build.0 = Debug|Any CPU
		{2C139C9F-0136-405D-A2BE-B8F96B5F7E6B}.Release|Any CPU.ActiveCfg = Release|Any CPU
		{2C139C9F-0136-405D-A2BE-B8F96B5F7E6B}.Release|Any CPU.Build.0 = Release|Any CPU
		{C4C6C9EC-4559-428E-931F-EF7C214CCE90}.Debug|Any CPU.ActiveCfg = Debug|Any CPU
		{C4C6C9EC-4559-428E-931F-EF7C214CCE90}.Debug|Any CPU.Build.0 = Debug|Any CPU
		{C4C6C9EC-4559-428E-931F-EF7C214CCE90}.Release|Any CPU.ActiveCfg = Release|Any CPU
		{C4C6C9EC-4559-428E-931F-EF7C214CCE90}.Release|Any CPU.Build.0 = Release|Any CPU
		{F9E8F7CB-49DA-4053-807A-B05811D8D1CF}.Debug|Any CPU.ActiveCfg = Debug|Any CPU
		{F9E8F7CB-49DA-4053-807A-B05811D8D1CF}.Debug|Any CPU.Build.0 = Debug|Any CPU
		{F9E8F7CB-49DA-4053-807A-B05811D8D1CF}.Release|Any CPU.ActiveCfg = Release|Any CPU
		{F9E8F7CB-49DA-4053-807A-B05811D8D1CF}.Release|Any CPU.Build.0 = Release|Any CPU
		{1F00392F-67E0-4124-A5DA-895F4D6E7828}.Debug|Any CPU.ActiveCfg = Debug|Any CPU
		{1F00392F-67E0-4124-A5DA-895F4D6E7828}.Debug|Any CPU.Build.0 = Debug|Any CPU
		{1F00392F-67E0-4124-A5DA-895F4D6E7828}.Release|Any CPU.ActiveCfg = Release|Any CPU
		{1F00392F-67E0-4124-A5DA-895F4D6E7828}.Release|Any CPU.Build.0 = Release|Any CPU
		{59290F34-4D82-4D60-B435-4BAB02DD287D}.Debug|Any CPU.ActiveCfg = Debug|Any CPU
		{59290F34-4D82-4D60-B435-4BAB02DD287D}.Debug|Any CPU.Build.0 = Debug|Any CPU
		{59290F34-4D82-4D60-B435-4BAB02DD287D}.Release|Any CPU.ActiveCfg = Release|Any CPU
		{59290F34-4D82-4D60-B435-4BAB02DD287D}.Release|Any CPU.Build.0 = Release|Any CPU
		{CBC5FA63-D7AA-4E05-9DBC-181FCA5D9BAB}.Debug|Any CPU.ActiveCfg = Debug|Any CPU
		{CBC5FA63-D7AA-4E05-9DBC-181FCA5D9BAB}.Debug|Any CPU.Build.0 = Debug|Any CPU
		{CBC5FA63-D7AA-4E05-9DBC-181FCA5D9BAB}.Release|Any CPU.ActiveCfg = Release|Any CPU
		{CBC5FA63-D7AA-4E05-9DBC-181FCA5D9BAB}.Release|Any CPU.Build.0 = Release|Any CPU
		{E402F896-E839-4DD8-A7B4-3A4C89DC0180}.Debug|Any CPU.ActiveCfg = Debug|Any CPU
		{E402F896-E839-4DD8-A7B4-3A4C89DC0180}.Debug|Any CPU.Build.0 = Debug|Any CPU
		{E402F896-E839-4DD8-A7B4-3A4C89DC0180}.Release|Any CPU.ActiveCfg = Release|Any CPU
		{E402F896-E839-4DD8-A7B4-3A4C89DC0180}.Release|Any CPU.Build.0 = Release|Any CPU
		{55735B0B-929D-4807-B6ED-88F9A37EBF86}.Debug|Any CPU.ActiveCfg = Debug|Any CPU
		{55735B0B-929D-4807-B6ED-88F9A37EBF86}.Debug|Any CPU.Build.0 = Debug|Any CPU
		{55735B0B-929D-4807-B6ED-88F9A37EBF86}.Release|Any CPU.ActiveCfg = Release|Any CPU
		{55735B0B-929D-4807-B6ED-88F9A37EBF86}.Release|Any CPU.Build.0 = Release|Any CPU
		{AB3844E4-946C-411F-AD4D-784426220250}.Debug|Any CPU.ActiveCfg = Debug|Any CPU
		{AB3844E4-946C-411F-AD4D-784426220250}.Debug|Any CPU.Build.0 = Debug|Any CPU
		{AB3844E4-946C-411F-AD4D-784426220250}.Release|Any CPU.ActiveCfg = Release|Any CPU
		{AB3844E4-946C-411F-AD4D-784426220250}.Release|Any CPU.Build.0 = Release|Any CPU
		{D658DF0D-ACD5-456B-B4CC-D9912DD23A26}.Debug|Any CPU.ActiveCfg = Debug|Any CPU
		{D658DF0D-ACD5-456B-B4CC-D9912DD23A26}.Debug|Any CPU.Build.0 = Debug|Any CPU
		{D658DF0D-ACD5-456B-B4CC-D9912DD23A26}.Release|Any CPU.ActiveCfg = Release|Any CPU
		{D658DF0D-ACD5-456B-B4CC-D9912DD23A26}.Release|Any CPU.Build.0 = Release|Any CPU
		{7186DDD8-A472-4ABC-9561-208F119E4F77}.Debug|Any CPU.ActiveCfg = Debug|Any CPU
		{7186DDD8-A472-4ABC-9561-208F119E4F77}.Debug|Any CPU.Build.0 = Debug|Any CPU
		{7186DDD8-A472-4ABC-9561-208F119E4F77}.Release|Any CPU.ActiveCfg = Release|Any CPU
		{7186DDD8-A472-4ABC-9561-208F119E4F77}.Release|Any CPU.Build.0 = Release|Any CPU
		{D57E1A57-E9C7-4B66-B643-B85D8F456B8F}.Debug|Any CPU.ActiveCfg = Debug|Any CPU
		{D57E1A57-E9C7-4B66-B643-B85D8F456B8F}.Debug|Any CPU.Build.0 = Debug|Any CPU
		{D57E1A57-E9C7-4B66-B643-B85D8F456B8F}.Release|Any CPU.ActiveCfg = Release|Any CPU
		{D57E1A57-E9C7-4B66-B643-B85D8F456B8F}.Release|Any CPU.Build.0 = Release|Any CPU
		{CC881FCA-D2F2-41EC-A133-96AE3793F95F}.Debug|Any CPU.ActiveCfg = Debug|Any CPU
		{CC881FCA-D2F2-41EC-A133-96AE3793F95F}.Debug|Any CPU.Build.0 = Debug|Any CPU
		{CC881FCA-D2F2-41EC-A133-96AE3793F95F}.Release|Any CPU.ActiveCfg = Release|Any CPU
		{CC881FCA-D2F2-41EC-A133-96AE3793F95F}.Release|Any CPU.Build.0 = Release|Any CPU
		{D888B043-DC23-432C-B3CD-C59F2E56537B}.Debug|Any CPU.ActiveCfg = Debug|Any CPU
		{D888B043-DC23-432C-B3CD-C59F2E56537B}.Debug|Any CPU.Build.0 = Debug|Any CPU
		{D888B043-DC23-432C-B3CD-C59F2E56537B}.Release|Any CPU.ActiveCfg = Release|Any CPU
		{D888B043-DC23-432C-B3CD-C59F2E56537B}.Release|Any CPU.Build.0 = Release|Any CPU
	EndGlobalSection
	GlobalSection(SolutionProperties) = preSolution
		HideSolutionNode = FALSE
	EndGlobalSection
	GlobalSection(NestedProjects) = preSolution
		{E2A5DF09-6924-4EBD-8E9D-34C6C4134B43} = {C310FA56-78C7-46C8-8A78-CDAFE5E8E876}
		{06563A50-D881-4323-924E-D15F882A944E} = {E2A5DF09-6924-4EBD-8E9D-34C6C4134B43}
		{83EB5FB0-8CC2-40D2-860F-55BC49B4904B} = {E2A5DF09-6924-4EBD-8E9D-34C6C4134B43}
		{AAF5972B-A5AE-4465-9B07-4AD4C1C643AD} = {E2A5DF09-6924-4EBD-8E9D-34C6C4134B43}
		{33587256-8E27-45D8-834C-3DB3D4E0D0B2} = {E2A5DF09-6924-4EBD-8E9D-34C6C4134B43}
		{B960A86D-4A0B-45FF-A08F-BDD0A67F72B0} = {C310FA56-78C7-46C8-8A78-CDAFE5E8E876}
		{AC7B4BB0-1D15-4FA7-8EAD-83D613EB1FD0} = {B960A86D-4A0B-45FF-A08F-BDD0A67F72B0}
		{84741959-F7E2-41DA-9DE8-13B67AB27219} = {B960A86D-4A0B-45FF-A08F-BDD0A67F72B0}
		{CDA98597-102A-4AC4-A5F1-C62E0B322457} = {B960A86D-4A0B-45FF-A08F-BDD0A67F72B0}
		{8E9B71A7-EAAD-49FF-B3A6-C474F69BD3D1} = {B960A86D-4A0B-45FF-A08F-BDD0A67F72B0}
		{617BE6AA-2D82-4A85-8FF7-61F1074FC521} = {C310FA56-78C7-46C8-8A78-CDAFE5E8E876}
		{EC1D3CA7-6A77-4A4F-8FD8-6514B4242446} = {617BE6AA-2D82-4A85-8FF7-61F1074FC521}
		{56003440-87BF-486A-A2A1-09E4186B093D} = {617BE6AA-2D82-4A85-8FF7-61F1074FC521}
		{1DD4803F-1EE2-46D3-869D-33E1F6AE71D5} = {617BE6AA-2D82-4A85-8FF7-61F1074FC521}
		{B78C903A-E447-4653-8687-0F465305510C} = {617BE6AA-2D82-4A85-8FF7-61F1074FC521}
		{2A9F3E7C-E15D-4AA3-853A-AD81C4F7F816} = {C310FA56-78C7-46C8-8A78-CDAFE5E8E876}
		{CDAEB650-894D-4D85-A76D-7B8982E5AA00} = {2A9F3E7C-E15D-4AA3-853A-AD81C4F7F816}
		{14492BE4-DC3F-4513-A661-D7A1A9501115} = {2A9F3E7C-E15D-4AA3-853A-AD81C4F7F816}
		{A26CE09A-8603-4BEC-9F2A-C6E355D6A739} = {2A9F3E7C-E15D-4AA3-853A-AD81C4F7F816}
		{7F3305EF-874E-4149-BD6D-AC16D06A4632} = {2A9F3E7C-E15D-4AA3-853A-AD81C4F7F816}
		{C28CFF31-EAED-43D6-9E3A-BBFAF02A573F} = {C310FA56-78C7-46C8-8A78-CDAFE5E8E876}
		{EF0239CF-A179-4504-B129-8A8818C3DF31} = {C28CFF31-EAED-43D6-9E3A-BBFAF02A573F}
		{353C1729-1115-494E-88C1-771CD1BABCC1} = {C28CFF31-EAED-43D6-9E3A-BBFAF02A573F}
		{808B0CB3-2CE7-44A3-A05E-D7019905F8E3} = {C28CFF31-EAED-43D6-9E3A-BBFAF02A573F}
		{B7836A7E-03CB-4245-B591-E3BBBD7023C5} = {C28CFF31-EAED-43D6-9E3A-BBFAF02A573F}
		{1EABC65F-6FCD-4D44-A6A2-26779ADD037F} = {C310FA56-78C7-46C8-8A78-CDAFE5E8E876}
		{6109E1B4-3CB0-4164-B31C-C29B61246098} = {1EABC65F-6FCD-4D44-A6A2-26779ADD037F}
		{0DD7D624-85E8-49A0-B1B1-9403D6564F4B} = {1EABC65F-6FCD-4D44-A6A2-26779ADD037F}
		{8773C41C-4262-490F-920D-769AFBC3A795} = {1EABC65F-6FCD-4D44-A6A2-26779ADD037F}
		{156C1F55-BC25-4914-BDE6-D12FB00EA278} = {1EABC65F-6FCD-4D44-A6A2-26779ADD037F}
		{B48FA6DF-CCAA-4C45-B530-D3A1DD163E9D} = {C310FA56-78C7-46C8-8A78-CDAFE5E8E876}
		{08633438-80AF-4668-A66C-37A781031E11} = {B48FA6DF-CCAA-4C45-B530-D3A1DD163E9D}
		{79F27A80-CEA1-48EA-B16E-D2D9C3DE4342} = {B48FA6DF-CCAA-4C45-B530-D3A1DD163E9D}
		{B05E56A0-4BEA-4E83-A970-D04F4B9048F6} = {B48FA6DF-CCAA-4C45-B530-D3A1DD163E9D}
		{0CEEB0B5-C598-436F-9F13-5C8DF5B78A3C} = {B48FA6DF-CCAA-4C45-B530-D3A1DD163E9D}
		{C206EC20-47F4-47D9-8921-A47EF77E3907} = {C310FA56-78C7-46C8-8A78-CDAFE5E8E876}
		{A9CF0F2A-26B6-4290-81EF-43530BD47CEC} = {C206EC20-47F4-47D9-8921-A47EF77E3907}
		{E5BC3744-3B9B-4D79-8C83-9D9B85F33751} = {C206EC20-47F4-47D9-8921-A47EF77E3907}
		{9C82A51D-080C-4645-B521-8DAA997E1901} = {C206EC20-47F4-47D9-8921-A47EF77E3907}
		{92C0F2D7-32C0-4AD3-B298-09668378B0CF} = {C206EC20-47F4-47D9-8921-A47EF77E3907}
		{5D177D7F-18CB-4BEE-AE45-63981D96EBE4} = {C310FA56-78C7-46C8-8A78-CDAFE5E8E876}
		{2C139C9F-0136-405D-A2BE-B8F96B5F7E6B} = {5D177D7F-18CB-4BEE-AE45-63981D96EBE4}
		{C4C6C9EC-4559-428E-931F-EF7C214CCE90} = {5D177D7F-18CB-4BEE-AE45-63981D96EBE4}
		{F9E8F7CB-49DA-4053-807A-B05811D8D1CF} = {5D177D7F-18CB-4BEE-AE45-63981D96EBE4}
		{1F00392F-67E0-4124-A5DA-895F4D6E7828} = {5D177D7F-18CB-4BEE-AE45-63981D96EBE4}
		{E92B327A-B5A9-4B08-AD69-75EBA00FCB60} = {7751A328-28D8-4F71-8C60-26F35A274140}
		{59290F34-4D82-4D60-B435-4BAB02DD287D} = {E92B327A-B5A9-4B08-AD69-75EBA00FCB60}
		{AEA72DDE-6DC0-4980-B34A-07945D2A5568} = {7751A328-28D8-4F71-8C60-26F35A274140}
		{CBC5FA63-D7AA-4E05-9DBC-181FCA5D9BAB} = {AEA72DDE-6DC0-4980-B34A-07945D2A5568}
		{E402F896-E839-4DD8-A7B4-3A4C89DC0180} = {AEA72DDE-6DC0-4980-B34A-07945D2A5568}
		{69F7463C-09AF-440A-9419-A558873E4B0F} = {7751A328-28D8-4F71-8C60-26F35A274140}
		{55735B0B-929D-4807-B6ED-88F9A37EBF86} = {69F7463C-09AF-440A-9419-A558873E4B0F}
		{AB3844E4-946C-411F-AD4D-784426220250} = {69F7463C-09AF-440A-9419-A558873E4B0F}
		{ABC557CA-0B48-43D6-A4E6-5C702150D1EB} = {7751A328-28D8-4F71-8C60-26F35A274140}
		{D658DF0D-ACD5-456B-B4CC-D9912DD23A26} = {ABC557CA-0B48-43D6-A4E6-5C702150D1EB}
		{7186DDD8-A472-4ABC-9561-208F119E4F77} = {ABC557CA-0B48-43D6-A4E6-5C702150D1EB}
		{5E643A0D-FF97-48A3-AF53-FFBB5EF9AB95} = {7751A328-28D8-4F71-8C60-26F35A274140}
		{D57E1A57-E9C7-4B66-B643-B85D8F456B8F} = {5E643A0D-FF97-48A3-AF53-FFBB5EF9AB95}
		{CC881FCA-D2F2-41EC-A133-96AE3793F95F} = {5E643A0D-FF97-48A3-AF53-FFBB5EF9AB95}
		{8097DECB-4BE0-4F80-ABC0-0B0537831DA6} = {BA2A90ED-B4C4-4C25-A0BB-E2EFE6D62A4F}
		{D888B043-DC23-432C-B3CD-C59F2E56537B} = {8097DECB-4BE0-4F80-ABC0-0B0537831DA6}
	EndGlobalSection
EndGlobal
