
Microsoft Visual Studio Solution File, Format Version 12.00
# Visual Studio 14
VisualStudioVersion = 14.0.25420.1
MinimumVisualStudioVersion = 10.0.40219.1
Project("{2150E333-8FDC-42A3-9474-1A3956D46DE8}") = "StoreApp Uygulaması", "StoreApp Uygulaması", "{C310FA56-78C7-46C8-8A78-CDAFE5E8E876}"
EndProject
Project("{2150E333-8FDC-42A3-9474-1A3956D46DE8}") = "03-Proje Katmanlarının Oluşturulması", "03-Proje Katmanlarının Oluşturulması", "{E2A5DF09-6924-4EBD-8E9D-34C6C4134B43}"
EndProject
Project("{FAE04EC0-301F-11D3-BF4B-00C04F79EFBC}") = "StoreApp.Data", "StoreApp\03\StoreApp\StoreApp.Data\StoreApp.Data.csproj", "{06563A50-D881-4323-924E-D15F882A944E}"
EndProject
Project("{FAE04EC0-301F-11D3-BF4B-00C04F79EFBC}") = "StoreApp.Service", "StoreApp\03\StoreApp\StoreApp.Service\StoreApp.Service.csproj", "{83EB5FB0-8CC2-40D2-860F-55BC49B4904B}"
EndProject
Project("{FAE04EC0-301F-11D3-BF4B-00C04F79EFBC}") = "StoreApp.WebUI", "StoreApp\03\StoreApp\StoreApp.WebUI\StoreApp.WebUI.csproj", "{AAF5972B-A5AE-4465-9B07-4AD4C1C643AD}"
EndProject
Project("{FAE04EC0-301F-11D3-BF4B-00C04F79EFBC}") = "StoreApp.Entity", "StoreApp\03\StoreApp\StoreApp.Entity\StoreApp.Entity.csproj", "{33587256-8E27-45D8-834C-3DB3D4E0D0B2}"
EndProject
Project("{2150E333-8FDC-42A3-9474-1A3956D46DE8}") = "04-Entity Sınıfları", "04-Entity Sınıfları", "{B960A86D-4A0B-45FF-A08F-BDD0A67F72B0}"
EndProject
Project("{FAE04EC0-301F-11D3-BF4B-00C04F79EFBC}") = "StoreApp.Data", "D:\Videolar\Udemy\Asp.Net Web Api  Single Page Application\Bölüm 4-Store App\4-Entity Sınıfları\StoreApp\StoreApp.Data\StoreApp.Data.csproj", "{AC7B4BB0-1D15-4FA7-8EAD-83D613EB1FD0}"
EndProject
Project("{FAE04EC0-301F-11D3-BF4B-00C04F79EFBC}") = "StoreApp.Service", "D:\Videolar\Udemy\Asp.Net Web Api  Single Page Application\Bölüm 4-Store App\4-Entity Sınıfları\StoreApp\StoreApp.Service\StoreApp.Service.csproj", "{84741959-F7E2-41DA-9DE8-13B67AB27219}"
EndProject
Project("{FAE04EC0-301F-11D3-BF4B-00C04F79EFBC}") = "StoreApp.WebUI", "D:\Videolar\Udemy\Asp.Net Web Api  Single Page Application\Bölüm 4-Store App\4-Entity Sınıfları\StoreApp\StoreApp.WebUI\StoreApp.WebUI.csproj", "{CDA98597-102A-4AC4-A5F1-C62E0B322457}"
EndProject
Project("{FAE04EC0-301F-11D3-BF4B-00C04F79EFBC}") = "StoreApp.Entity", "D:\Videolar\Udemy\Asp.Net Web Api  Single Page Application\Bölüm 4-Store App\4-Entity Sınıfları\StoreApp\StoreApp.Entity\StoreApp.Entity.csproj", "{8E9B71A7-EAAD-49FF-B3A6-C474F69BD3D1}"
EndProject
Project("{2150E333-8FDC-42A3-9474-1A3956D46DE8}") = "05-Abstract Repository", "05-Abstract Repository", "{617BE6AA-2D82-4A85-8FF7-61F1074FC521}"
EndProject
Project("{FAE04EC0-301F-11D3-BF4B-00C04F79EFBC}") = "StoreApp.Data", "D:\Videolar\Udemy\Asp.Net Web Api  Single Page Application\Bölüm 4-Store App\5-Abstract Repository\StoreApp\StoreApp.Data\StoreApp.Data.csproj", "{EC1D3CA7-6A77-4A4F-8FD8-6514B4242446}"
EndProject
Project("{FAE04EC0-301F-11D3-BF4B-00C04F79EFBC}") = "StoreApp.Service", "D:\Videolar\Udemy\Asp.Net Web Api  Single Page Application\Bölüm 4-Store App\5-Abstract Repository\StoreApp\StoreApp.Service\StoreApp.Service.csproj", "{56003440-87BF-486A-A2A1-09E4186B093D}"
EndProject
Project("{FAE04EC0-301F-11D3-BF4B-00C04F79EFBC}") = "StoreApp.WebUI", "D:\Videolar\Udemy\Asp.Net Web Api  Single Page Application\Bölüm 4-Store App\5-Abstract Repository\StoreApp\StoreApp.WebUI\StoreApp.WebUI.csproj", "{1DD4803F-1EE2-46D3-869D-33E1F6AE71D5}"
EndProject
Project("{FAE04EC0-301F-11D3-BF4B-00C04F79EFBC}") = "StoreApp.Entity", "D:\Videolar\Udemy\Asp.Net Web Api  Single Page Application\Bölüm 4-Store App\5-Abstract Repository\StoreApp\StoreApp.Entity\StoreApp.Entity.csproj", "{B78C903A-E447-4653-8687-0F465305510C}"
EndProject
Project("{2150E333-8FDC-42A3-9474-1A3956D46DE8}") = "06-Entity Framework", "06-Entity Framework", "{2A9F3E7C-E15D-4AA3-853A-AD81C4F7F816}"
EndProject
Project("{FAE04EC0-301F-11D3-BF4B-00C04F79EFBC}") = "StoreApp.Data", "StoreApp\06\StoreApp\StoreApp.Data\StoreApp.Data.csproj", "{CDAEB650-894D-4D85-A76D-7B8982E5AA00}"
EndProject
Project("{FAE04EC0-301F-11D3-BF4B-00C04F79EFBC}") = "StoreApp.Service", "StoreApp\06\StoreApp\StoreApp.Service\StoreApp.Service.csproj", "{14492BE4-DC3F-4513-A661-D7A1A9501115}"
EndProject
Project("{FAE04EC0-301F-11D3-BF4B-00C04F79EFBC}") = "StoreApp.WebUI", "StoreApp\06\StoreApp\StoreApp.WebUI\StoreApp.WebUI.csproj", "{A26CE09A-8603-4BEC-9F2A-C6E355D6A739}"
EndProject
Project("{FAE04EC0-301F-11D3-BF4B-00C04F79EFBC}") = "StoreApp.Entity", "StoreApp\06\StoreApp\StoreApp.Entity\StoreApp.Entity.csproj", "{7F3305EF-874E-4149-BD6D-AC16D06A4632}"
EndProject
Project("{2150E333-8FDC-42A3-9474-1A3956D46DE8}") = "07-Implement Repository", "07-Implement Repository", "{C28CFF31-EAED-43D6-9E3A-BBFAF02A573F}"
EndProject
Project("{FAE04EC0-301F-11D3-BF4B-00C04F79EFBC}") = "StoreApp.Data", "D:\Videolar\Udemy\Asp.Net Web Api  Single Page Application\Bölüm 4-Store App\7-Implement Repository\StoreApp\StoreApp.Data\StoreApp.Data.csproj", "{EF0239CF-A179-4504-B129-8A8818C3DF31}"
EndProject
Project("{FAE04EC0-301F-11D3-BF4B-00C04F79EFBC}") = "StoreApp.Service", "D:\Videolar\Udemy\Asp.Net Web Api  Single Page Application\Bölüm 4-Store App\7-Implement Repository\StoreApp\StoreApp.Service\StoreApp.Service.csproj", "{353C1729-1115-494E-88C1-771CD1BABCC1}"
EndProject
Project("{FAE04EC0-301F-11D3-BF4B-00C04F79EFBC}") = "StoreApp.WebUI", "D:\Videolar\Udemy\Asp.Net Web Api  Single Page Application\Bölüm 4-Store App\7-Implement Repository\StoreApp\StoreApp.WebUI\StoreApp.WebUI.csproj", "{808B0CB3-2CE7-44A3-A05E-D7019905F8E3}"
EndProject
Project("{FAE04EC0-301F-11D3-BF4B-00C04F79EFBC}") = "StoreApp.Entity", "D:\Videolar\Udemy\Asp.Net Web Api  Single Page Application\Bölüm 4-Store App\7-Implement Repository\StoreApp\StoreApp.Entity\StoreApp.Entity.csproj", "{B7836A7E-03CB-4245-B591-E3BBBD7023C5}"
EndProject
Project("{2150E333-8FDC-42A3-9474-1A3956D46DE8}") = "08-Data Initializer", "08-Data Initializer", "{1EABC65F-6FCD-4D44-A6A2-26779ADD037F}"
	ProjectSection(SolutionItems) = preProject
		StoreApp\08\StoreApp\StoreApp.sln = StoreApp\08\StoreApp\StoreApp.sln
	EndProjectSection
EndProject
Project("{FAE04EC0-301F-11D3-BF4B-00C04F79EFBC}") = "StoreApp.Data", "StoreApp\08\StoreApp\StoreApp.Data\StoreApp.Data.csproj", "{6109E1B4-3CB0-4164-B31C-C29B61246098}"
EndProject
Project("{FAE04EC0-301F-11D3-BF4B-00C04F79EFBC}") = "StoreApp.Service", "StoreApp\08\StoreApp\StoreApp.Service\StoreApp.Service.csproj", "{0DD7D624-85E8-49A0-B1B1-9403D6564F4B}"
EndProject
Project("{FAE04EC0-301F-11D3-BF4B-00C04F79EFBC}") = "StoreApp.WebUI", "StoreApp\08\StoreApp\StoreApp.WebUI\StoreApp.WebUI.csproj", "{8773C41C-4262-490F-920D-769AFBC3A795}"
EndProject
Project("{FAE04EC0-301F-11D3-BF4B-00C04F79EFBC}") = "StoreApp.Entity", "StoreApp\08\StoreApp\StoreApp.Entity\StoreApp.Entity.csproj", "{156C1F55-BC25-4914-BDE6-D12FB00EA278}"
EndProject
Project("{2150E333-8FDC-42A3-9474-1A3956D46DE8}") = "09-Testing Repository", "09-Testing Repository", "{B48FA6DF-CCAA-4C45-B530-D3A1DD163E9D}"
EndProject
Project("{FAE04EC0-301F-11D3-BF4B-00C04F79EFBC}") = "StoreApp.Data", "StoreApp\09\StoreApp\StoreApp.Data\StoreApp.Data.csproj", "{08633438-80AF-4668-A66C-37A781031E11}"
EndProject
Project("{FAE04EC0-301F-11D3-BF4B-00C04F79EFBC}") = "StoreApp.Entity", "StoreApp\09\StoreApp\StoreApp.Entity\StoreApp.Entity.csproj", "{79F27A80-CEA1-48EA-B16E-D2D9C3DE4342}"
EndProject
Project("{FAE04EC0-301F-11D3-BF4B-00C04F79EFBC}") = "StoreApp.Service", "StoreApp\09\StoreApp\StoreApp.Service\StoreApp.Service.csproj", "{B05E56A0-4BEA-4E83-A970-D04F4B9048F6}"
EndProject
Project("{FAE04EC0-301F-11D3-BF4B-00C04F79EFBC}") = "StoreApp.WebUI", "StoreApp\09\StoreApp\StoreApp.WebUI\StoreApp.WebUI.csproj", "{0CEEB0B5-C598-436F-9F13-5C8DF5B78A3C}"
EndProject
Global
	GlobalSection(SolutionConfigurationPlatforms) = preSolution
		Debug|Any CPU = Debug|Any CPU
		Release|Any CPU = Release|Any CPU
	EndGlobalSection
	GlobalSection(ProjectConfigurationPlatforms) = postSolution
		{06563A50-D881-4323-924E-D15F882A944E}.Debug|Any CPU.ActiveCfg = Debug|Any CPU
		{06563A50-D881-4323-924E-D15F882A944E}.Debug|Any CPU.Build.0 = Debug|Any CPU
		{06563A50-D881-4323-924E-D15F882A944E}.Release|Any CPU.ActiveCfg = Release|Any CPU
		{06563A50-D881-4323-924E-D15F882A944E}.Release|Any CPU.Build.0 = Release|Any CPU
		{83EB5FB0-8CC2-40D2-860F-55BC49B4904B}.Debug|Any CPU.ActiveCfg = Debug|Any CPU
		{83EB5FB0-8CC2-40D2-860F-55BC49B4904B}.Debug|Any CPU.Build.0 = Debug|Any CPU
		{83EB5FB0-8CC2-40D2-860F-55BC49B4904B}.Release|Any CPU.ActiveCfg = Release|Any CPU
		{83EB5FB0-8CC2-40D2-860F-55BC49B4904B}.Release|Any CPU.Build.0 = Release|Any CPU
		{AAF5972B-A5AE-4465-9B07-4AD4C1C643AD}.Debug|Any CPU.ActiveCfg = Debug|Any CPU
		{AAF5972B-A5AE-4465-9B07-4AD4C1C643AD}.Debug|Any CPU.Build.0 = Debug|Any CPU
		{AAF5972B-A5AE-4465-9B07-4AD4C1C643AD}.Release|Any CPU.ActiveCfg = Release|Any CPU
		{AAF5972B-A5AE-4465-9B07-4AD4C1C643AD}.Release|Any CPU.Build.0 = Release|Any CPU
		{33587256-8E27-45D8-834C-3DB3D4E0D0B2}.Debug|Any CPU.ActiveCfg = Debug|Any CPU
		{33587256-8E27-45D8-834C-3DB3D4E0D0B2}.Debug|Any CPU.Build.0 = Debug|Any CPU
		{33587256-8E27-45D8-834C-3DB3D4E0D0B2}.Release|Any CPU.ActiveCfg = Release|Any CPU
		{33587256-8E27-45D8-834C-3DB3D4E0D0B2}.Release|Any CPU.Build.0 = Release|Any CPU
		{AC7B4BB0-1D15-4FA7-8EAD-83D613EB1FD0}.Debug|Any CPU.ActiveCfg = Debug|Any CPU
		{AC7B4BB0-1D15-4FA7-8EAD-83D613EB1FD0}.Debug|Any CPU.Build.0 = Debug|Any CPU
		{AC7B4BB0-1D15-4FA7-8EAD-83D613EB1FD0}.Release|Any CPU.ActiveCfg = Release|Any CPU
		{AC7B4BB0-1D15-4FA7-8EAD-83D613EB1FD0}.Release|Any CPU.Build.0 = Release|Any CPU
		{84741959-F7E2-41DA-9DE8-13B67AB27219}.Debug|Any CPU.ActiveCfg = Debug|Any CPU
		{84741959-F7E2-41DA-9DE8-13B67AB27219}.Debug|Any CPU.Build.0 = Debug|Any CPU
		{84741959-F7E2-41DA-9DE8-13B67AB27219}.Release|Any CPU.ActiveCfg = Release|Any CPU
		{84741959-F7E2-41DA-9DE8-13B67AB27219}.Release|Any CPU.Build.0 = Release|Any CPU
		{CDA98597-102A-4AC4-A5F1-C62E0B322457}.Debug|Any CPU.ActiveCfg = Debug|Any CPU
		{CDA98597-102A-4AC4-A5F1-C62E0B322457}.Debug|Any CPU.Build.0 = Debug|Any CPU
		{CDA98597-102A-4AC4-A5F1-C62E0B322457}.Release|Any CPU.ActiveCfg = Release|Any CPU
		{CDA98597-102A-4AC4-A5F1-C62E0B322457}.Release|Any CPU.Build.0 = Release|Any CPU
		{8E9B71A7-EAAD-49FF-B3A6-C474F69BD3D1}.Debug|Any CPU.ActiveCfg = Debug|Any CPU
		{8E9B71A7-EAAD-49FF-B3A6-C474F69BD3D1}.Debug|Any CPU.Build.0 = Debug|Any CPU
		{8E9B71A7-EAAD-49FF-B3A6-C474F69BD3D1}.Release|Any CPU.ActiveCfg = Release|Any CPU
		{8E9B71A7-EAAD-49FF-B3A6-C474F69BD3D1}.Release|Any CPU.Build.0 = Release|Any CPU
		{EC1D3CA7-6A77-4A4F-8FD8-6514B4242446}.Debug|Any CPU.ActiveCfg = Debug|Any CPU
		{EC1D3CA7-6A77-4A4F-8FD8-6514B4242446}.Debug|Any CPU.Build.0 = Debug|Any CPU
		{EC1D3CA7-6A77-4A4F-8FD8-6514B4242446}.Release|Any CPU.ActiveCfg = Release|Any CPU
		{EC1D3CA7-6A77-4A4F-8FD8-6514B4242446}.Release|Any CPU.Build.0 = Release|Any CPU
		{56003440-87BF-486A-A2A1-09E4186B093D}.Debug|Any CPU.ActiveCfg = Debug|Any CPU
		{56003440-87BF-486A-A2A1-09E4186B093D}.Debug|Any CPU.Build.0 = Debug|Any CPU
		{56003440-87BF-486A-A2A1-09E4186B093D}.Release|Any CPU.ActiveCfg = Release|Any CPU
		{56003440-87BF-486A-A2A1-09E4186B093D}.Release|Any CPU.Build.0 = Release|Any CPU
		{1DD4803F-1EE2-46D3-869D-33E1F6AE71D5}.Debug|Any CPU.ActiveCfg = Debug|Any CPU
		{1DD4803F-1EE2-46D3-869D-33E1F6AE71D5}.Debug|Any CPU.Build.0 = Debug|Any CPU
		{1DD4803F-1EE2-46D3-869D-33E1F6AE71D5}.Release|Any CPU.ActiveCfg = Release|Any CPU
		{1DD4803F-1EE2-46D3-869D-33E1F6AE71D5}.Release|Any CPU.Build.0 = Release|Any CPU
		{B78C903A-E447-4653-8687-0F465305510C}.Debug|Any CPU.ActiveCfg = Debug|Any CPU
		{B78C903A-E447-4653-8687-0F465305510C}.Debug|Any CPU.Build.0 = Debug|Any CPU
		{B78C903A-E447-4653-8687-0F465305510C}.Release|Any CPU.ActiveCfg = Release|Any CPU
		{B78C903A-E447-4653-8687-0F465305510C}.Release|Any CPU.Build.0 = Release|Any CPU
		{CDAEB650-894D-4D85-A76D-7B8982E5AA00}.Debug|Any CPU.ActiveCfg = Debug|Any CPU
		{CDAEB650-894D-4D85-A76D-7B8982E5AA00}.Debug|Any CPU.Build.0 = Debug|Any CPU
		{CDAEB650-894D-4D85-A76D-7B8982E5AA00}.Release|Any CPU.ActiveCfg = Release|Any CPU
		{CDAEB650-894D-4D85-A76D-7B8982E5AA00}.Release|Any CPU.Build.0 = Release|Any CPU
		{14492BE4-DC3F-4513-A661-D7A1A9501115}.Debug|Any CPU.ActiveCfg = Debug|Any CPU
		{14492BE4-DC3F-4513-A661-D7A1A9501115}.Debug|Any CPU.Build.0 = Debug|Any CPU
		{14492BE4-DC3F-4513-A661-D7A1A9501115}.Release|Any CPU.ActiveCfg = Release|Any CPU
		{14492BE4-DC3F-4513-A661-D7A1A9501115}.Release|Any CPU.Build.0 = Release|Any CPU
		{A26CE09A-8603-4BEC-9F2A-C6E355D6A739}.Debug|Any CPU.ActiveCfg = Debug|Any CPU
		{A26CE09A-8603-4BEC-9F2A-C6E355D6A739}.Debug|Any CPU.Build.0 = Debug|Any CPU
		{A26CE09A-8603-4BEC-9F2A-C6E355D6A739}.Release|Any CPU.ActiveCfg = Release|Any CPU
		{A26CE09A-8603-4BEC-9F2A-C6E355D6A739}.Release|Any CPU.Build.0 = Release|Any CPU
		{7F3305EF-874E-4149-BD6D-AC16D06A4632}.Debug|Any CPU.ActiveCfg = Debug|Any CPU
		{7F3305EF-874E-4149-BD6D-AC16D06A4632}.Debug|Any CPU.Build.0 = Debug|Any CPU
		{7F3305EF-874E-4149-BD6D-AC16D06A4632}.Release|Any CPU.ActiveCfg = Release|Any CPU
		{7F3305EF-874E-4149-BD6D-AC16D06A4632}.Release|Any CPU.Build.0 = Release|Any CPU
		{EF0239CF-A179-4504-B129-8A8818C3DF31}.Debug|Any CPU.ActiveCfg = Debug|Any CPU
		{EF0239CF-A179-4504-B129-8A8818C3DF31}.Debug|Any CPU.Build.0 = Debug|Any CPU
		{EF0239CF-A179-4504-B129-8A8818C3DF31}.Release|Any CPU.ActiveCfg = Release|Any CPU
		{EF0239CF-A179-4504-B129-8A8818C3DF31}.Release|Any CPU.Build.0 = Release|Any CPU
		{353C1729-1115-494E-88C1-771CD1BABCC1}.Debug|Any CPU.ActiveCfg = Debug|Any CPU
		{353C1729-1115-494E-88C1-771CD1BABCC1}.Debug|Any CPU.Build.0 = Debug|Any CPU
		{353C1729-1115-494E-88C1-771CD1BABCC1}.Release|Any CPU.ActiveCfg = Release|Any CPU
		{353C1729-1115-494E-88C1-771CD1BABCC1}.Release|Any CPU.Build.0 = Release|Any CPU
		{808B0CB3-2CE7-44A3-A05E-D7019905F8E3}.Debug|Any CPU.ActiveCfg = Debug|Any CPU
		{808B0CB3-2CE7-44A3-A05E-D7019905F8E3}.Debug|Any CPU.Build.0 = Debug|Any CPU
		{808B0CB3-2CE7-44A3-A05E-D7019905F8E3}.Release|Any CPU.ActiveCfg = Release|Any CPU
		{808B0CB3-2CE7-44A3-A05E-D7019905F8E3}.Release|Any CPU.Build.0 = Release|Any CPU
		{B7836A7E-03CB-4245-B591-E3BBBD7023C5}.Debug|Any CPU.ActiveCfg = Debug|Any CPU
		{B7836A7E-03CB-4245-B591-E3BBBD7023C5}.Debug|Any CPU.Build.0 = Debug|Any CPU
		{B7836A7E-03CB-4245-B591-E3BBBD7023C5}.Release|Any CPU.ActiveCfg = Release|Any CPU
		{B7836A7E-03CB-4245-B591-E3BBBD7023C5}.Release|Any CPU.Build.0 = Release|Any CPU
		{6109E1B4-3CB0-4164-B31C-C29B61246098}.Debug|Any CPU.ActiveCfg = Debug|Any CPU
		{6109E1B4-3CB0-4164-B31C-C29B61246098}.Debug|Any CPU.Build.0 = Debug|Any CPU
		{6109E1B4-3CB0-4164-B31C-C29B61246098}.Release|Any CPU.ActiveCfg = Release|Any CPU
		{6109E1B4-3CB0-4164-B31C-C29B61246098}.Release|Any CPU.Build.0 = Release|Any CPU
		{0DD7D624-85E8-49A0-B1B1-9403D6564F4B}.Debug|Any CPU.ActiveCfg = Debug|Any CPU
		{0DD7D624-85E8-49A0-B1B1-9403D6564F4B}.Debug|Any CPU.Build.0 = Debug|Any CPU
		{0DD7D624-85E8-49A0-B1B1-9403D6564F4B}.Release|Any CPU.ActiveCfg = Release|Any CPU
		{0DD7D624-85E8-49A0-B1B1-9403D6564F4B}.Release|Any CPU.Build.0 = Release|Any CPU
		{8773C41C-4262-490F-920D-769AFBC3A795}.Debug|Any CPU.ActiveCfg = Debug|Any CPU
		{8773C41C-4262-490F-920D-769AFBC3A795}.Debug|Any CPU.Build.0 = Debug|Any CPU
		{8773C41C-4262-490F-920D-769AFBC3A795}.Release|Any CPU.ActiveCfg = Release|Any CPU
		{8773C41C-4262-490F-920D-769AFBC3A795}.Release|Any CPU.Build.0 = Release|Any CPU
		{156C1F55-BC25-4914-BDE6-D12FB00EA278}.Debug|Any CPU.ActiveCfg = Debug|Any CPU
		{156C1F55-BC25-4914-BDE6-D12FB00EA278}.Debug|Any CPU.Build.0 = Debug|Any CPU
		{156C1F55-BC25-4914-BDE6-D12FB00EA278}.Release|Any CPU.ActiveCfg = Release|Any CPU
		{156C1F55-BC25-4914-BDE6-D12FB00EA278}.Release|Any CPU.Build.0 = Release|Any CPU
		{08633438-80AF-4668-A66C-37A781031E11}.Debug|Any CPU.ActiveCfg = Debug|Any CPU
		{08633438-80AF-4668-A66C-37A781031E11}.Debug|Any CPU.Build.0 = Debug|Any CPU
		{08633438-80AF-4668-A66C-37A781031E11}.Release|Any CPU.ActiveCfg = Release|Any CPU
		{08633438-80AF-4668-A66C-37A781031E11}.Release|Any CPU.Build.0 = Release|Any CPU
		{79F27A80-CEA1-48EA-B16E-D2D9C3DE4342}.Debug|Any CPU.ActiveCfg = Debug|Any CPU
		{79F27A80-CEA1-48EA-B16E-D2D9C3DE4342}.Debug|Any CPU.Build.0 = Debug|Any CPU
		{79F27A80-CEA1-48EA-B16E-D2D9C3DE4342}.Release|Any CPU.ActiveCfg = Release|Any CPU
		{79F27A80-CEA1-48EA-B16E-D2D9C3DE4342}.Release|Any CPU.Build.0 = Release|Any CPU
		{B05E56A0-4BEA-4E83-A970-D04F4B9048F6}.Debug|Any CPU.ActiveCfg = Debug|Any CPU
		{B05E56A0-4BEA-4E83-A970-D04F4B9048F6}.Debug|Any CPU.Build.0 = Debug|Any CPU
		{B05E56A0-4BEA-4E83-A970-D04F4B9048F6}.Release|Any CPU.ActiveCfg = Release|Any CPU
		{B05E56A0-4BEA-4E83-A970-D04F4B9048F6}.Release|Any CPU.Build.0 = Release|Any CPU
		{0CEEB0B5-C598-436F-9F13-5C8DF5B78A3C}.Debug|Any CPU.ActiveCfg = Debug|Any CPU
		{0CEEB0B5-C598-436F-9F13-5C8DF5B78A3C}.Debug|Any CPU.Build.0 = Debug|Any CPU
		{0CEEB0B5-C598-436F-9F13-5C8DF5B78A3C}.Release|Any CPU.ActiveCfg = Release|Any CPU
		{0CEEB0B5-C598-436F-9F13-5C8DF5B78A3C}.Release|Any CPU.Build.0 = Release|Any CPU
	EndGlobalSection
	GlobalSection(SolutionProperties) = preSolution
		HideSolutionNode = FALSE
	EndGlobalSection
	GlobalSection(NestedProjects) = preSolution
		{E2A5DF09-6924-4EBD-8E9D-34C6C4134B43} = {C310FA56-78C7-46C8-8A78-CDAFE5E8E876}
		{06563A50-D881-4323-924E-D15F882A944E} = {E2A5DF09-6924-4EBD-8E9D-34C6C4134B43}
		{83EB5FB0-8CC2-40D2-860F-55BC49B4904B} = {E2A5DF09-6924-4EBD-8E9D-34C6C4134B43}
		{AAF5972B-A5AE-4465-9B07-4AD4C1C643AD} = {E2A5DF09-6924-4EBD-8E9D-34C6C4134B43}
		{33587256-8E27-45D8-834C-3DB3D4E0D0B2} = {E2A5DF09-6924-4EBD-8E9D-34C6C4134B43}
		{B960A86D-4A0B-45FF-A08F-BDD0A67F72B0} = {C310FA56-78C7-46C8-8A78-CDAFE5E8E876}
		{AC7B4BB0-1D15-4FA7-8EAD-83D613EB1FD0} = {B960A86D-4A0B-45FF-A08F-BDD0A67F72B0}
		{84741959-F7E2-41DA-9DE8-13B67AB27219} = {B960A86D-4A0B-45FF-A08F-BDD0A67F72B0}
		{CDA98597-102A-4AC4-A5F1-C62E0B322457} = {B960A86D-4A0B-45FF-A08F-BDD0A67F72B0}
		{8E9B71A7-EAAD-49FF-B3A6-C474F69BD3D1} = {B960A86D-4A0B-45FF-A08F-BDD0A67F72B0}
		{617BE6AA-2D82-4A85-8FF7-61F1074FC521} = {C310FA56-78C7-46C8-8A78-CDAFE5E8E876}
		{EC1D3CA7-6A77-4A4F-8FD8-6514B4242446} = {617BE6AA-2D82-4A85-8FF7-61F1074FC521}
		{56003440-87BF-486A-A2A1-09E4186B093D} = {617BE6AA-2D82-4A85-8FF7-61F1074FC521}
		{1DD4803F-1EE2-46D3-869D-33E1F6AE71D5} = {617BE6AA-2D82-4A85-8FF7-61F1074FC521}
		{B78C903A-E447-4653-8687-0F465305510C} = {617BE6AA-2D82-4A85-8FF7-61F1074FC521}
		{2A9F3E7C-E15D-4AA3-853A-AD81C4F7F816} = {C310FA56-78C7-46C8-8A78-CDAFE5E8E876}
		{CDAEB650-894D-4D85-A76D-7B8982E5AA00} = {2A9F3E7C-E15D-4AA3-853A-AD81C4F7F816}
		{14492BE4-DC3F-4513-A661-D7A1A9501115} = {2A9F3E7C-E15D-4AA3-853A-AD81C4F7F816}
		{A26CE09A-8603-4BEC-9F2A-C6E355D6A739} = {2A9F3E7C-E15D-4AA3-853A-AD81C4F7F816}
		{7F3305EF-874E-4149-BD6D-AC16D06A4632} = {2A9F3E7C-E15D-4AA3-853A-AD81C4F7F816}
		{C28CFF31-EAED-43D6-9E3A-BBFAF02A573F} = {C310FA56-78C7-46C8-8A78-CDAFE5E8E876}
		{EF0239CF-A179-4504-B129-8A8818C3DF31} = {C28CFF31-EAED-43D6-9E3A-BBFAF02A573F}
		{353C1729-1115-494E-88C1-771CD1BABCC1} = {C28CFF31-EAED-43D6-9E3A-BBFAF02A573F}
		{808B0CB3-2CE7-44A3-A05E-D7019905F8E3} = {C28CFF31-EAED-43D6-9E3A-BBFAF02A573F}
		{B7836A7E-03CB-4245-B591-E3BBBD7023C5} = {C28CFF31-EAED-43D6-9E3A-BBFAF02A573F}
		{1EABC65F-6FCD-4D44-A6A2-26779ADD037F} = {C310FA56-78C7-46C8-8A78-CDAFE5E8E876}
		{6109E1B4-3CB0-4164-B31C-C29B61246098} = {1EABC65F-6FCD-4D44-A6A2-26779ADD037F}
		{0DD7D624-85E8-49A0-B1B1-9403D6564F4B} = {1EABC65F-6FCD-4D44-A6A2-26779ADD037F}
		{8773C41C-4262-490F-920D-769AFBC3A795} = {1EABC65F-6FCD-4D44-A6A2-26779ADD037F}
		{156C1F55-BC25-4914-BDE6-D12FB00EA278} = {1EABC65F-6FCD-4D44-A6A2-26779ADD037F}
		{B48FA6DF-CCAA-4C45-B530-D3A1DD163E9D} = {C310FA56-78C7-46C8-8A78-CDAFE5E8E876}
		{08633438-80AF-4668-A66C-37A781031E11} = {B48FA6DF-CCAA-4C45-B530-D3A1DD163E9D}
		{79F27A80-CEA1-48EA-B16E-D2D9C3DE4342} = {B48FA6DF-CCAA-4C45-B530-D3A1DD163E9D}
		{B05E56A0-4BEA-4E83-A970-D04F4B9048F6} = {B48FA6DF-CCAA-4C45-B530-D3A1DD163E9D}
		{0CEEB0B5-C598-436F-9F13-5C8DF5B78A3C} = {B48FA6DF-CCAA-4C45-B530-D3A1DD163E9D}
	EndGlobalSection
EndGlobal
