
Microsoft Visual Studio Solution File, Format Version 12.00
# Visual Studio 14
VisualStudioVersion = 14.0.25420.1
MinimumVisualStudioVersion = 10.0.40219.1
Project("{FAE04EC0-301F-11D3-BF4B-00C04F79EFBC}") = "StoreApp.Data", "StoreApp.Data\StoreApp.Data.csproj", "{075AF453-0FE1-4880-B65A-FDA96BF6FC7C}"
EndProject
Project("{FAE04EC0-301F-11D3-BF4B-00C04F79EFBC}") = "StoreApp.Entity", "StoreApp.Entity\StoreApp.Entity.csproj", "{B72EBE0D-7C40-4EB6-98EF-2F3F3D197AB8}"
EndProject
Project("{FAE04EC0-301F-11D3-BF4B-00C04F79EFBC}") = "StoreApp.Service", "StoreApp.Service\StoreApp.Service.csproj", "{DBFFEFB5-9668-427D-BE06-F52E70CECB9D}"
EndProject
Project("{FAE04EC0-301F-11D3-BF4B-00C04F79EFBC}") = "StoreApp.WebUI", "StoreApp.WebUI\StoreApp.WebUI.csproj", "{05F3BCEC-33AA-4446-8580-D86C55AD51F4}"
EndProject
Global
	GlobalSection(SolutionConfigurationPlatforms) = preSolution
		Debug|Any CPU = Debug|Any CPU
		Release|Any CPU = Release|Any CPU
	EndGlobalSection
	GlobalSection(ProjectConfigurationPlatforms) = postSolution
		{075AF453-0FE1-4880-B65A-FDA96BF6FC7C}.Debug|Any CPU.ActiveCfg = Debug|Any CPU
		{075AF453-0FE1-4880-B65A-FDA96BF6FC7C}.Debug|Any CPU.Build.0 = Debug|Any CPU
		{075AF453-0FE1-4880-B65A-FDA96BF6FC7C}.Release|Any CPU.ActiveCfg = Release|Any CPU
		{075AF453-0FE1-4880-B65A-FDA96BF6FC7C}.Release|Any CPU.Build.0 = Release|Any CPU
		{B72EBE0D-7C40-4EB6-98EF-2F3F3D197AB8}.Debug|Any CPU.ActiveCfg = Debug|Any CPU
		{B72EBE0D-7C40-4EB6-98EF-2F3F3D197AB8}.Debug|Any CPU.Build.0 = Debug|Any CPU
		{B72EBE0D-7C40-4EB6-98EF-2F3F3D197AB8}.Release|Any CPU.ActiveCfg = Release|Any CPU
		{B72EBE0D-7C40-4EB6-98EF-2F3F3D197AB8}.Release|Any CPU.Build.0 = Release|Any CPU
		{DBFFEFB5-9668-427D-BE06-F52E70CECB9D}.Debug|Any CPU.ActiveCfg = Debug|Any CPU
		{DBFFEFB5-9668-427D-BE06-F52E70CECB9D}.Debug|Any CPU.Build.0 = Debug|Any CPU
		{DBFFEFB5-9668-427D-BE06-F52E70CECB9D}.Release|Any CPU.ActiveCfg = Release|Any CPU
		{DBFFEFB5-9668-427D-BE06-F52E70CECB9D}.Release|Any CPU.Build.0 = Release|Any CPU
		{05F3BCEC-33AA-4446-8580-D86C55AD51F4}.Debug|Any CPU.ActiveCfg = Debug|Any CPU
		{05F3BCEC-33AA-4446-8580-D86C55AD51F4}.Debug|Any CPU.Build.0 = Debug|Any CPU
		{05F3BCEC-33AA-4446-8580-D86C55AD51F4}.Release|Any CPU.ActiveCfg = Release|Any CPU
		{05F3BCEC-33AA-4446-8580-D86C55AD51F4}.Release|Any CPU.Build.0 = Release|Any CPU
	EndGlobalSection
	GlobalSection(SolutionProperties) = preSolution
		HideSolutionNode = FALSE
	EndGlobalSection
EndGlobal
